<Solution>
  <Project Path="P01AplikacjaBazodanowa/P01AplikacjaBazodanowa.csproj" />
  <Project Path="P02PolaczenieZBaza/P02PolaczenieZBaza.csproj" />
  <Project Path="P03AplikacjaBazodanowaZawodnicy/P03AplikacjaBazodanowaZawodnicy.csproj" />
  <Project Path="P04Zawodnicy.Shared/P04Zawodnicy.Shared.csproj" />
</Solution>
